{
  "requires": true,
  "lockfileVersion": 1,
  "dependencies": {
    "lottie-web": {
      "version": "5.2.1",
      "resolved": "https://registry.npmjs.org/lottie-web/-/lottie-web-5.2.1.tgz",
      "integrity": "sha512-tRWzqmPdSh4jPHvQRy3CMtweGZQNZFChXJtpBOm+oVWe6cFsy7/i4SPTWc/zoVqnS4uVQIlPGMFaGQiSxGtcpg=="
    }
  }
}
